
Microsoft Visual Studio Solution File, Format Version 12.00
# Visual Studio Version 17
VisualStudioVersion = 17.14.36414.22 d17.14
MinimumVisualStudioVersion = 10.0.40219.1
Project("{FAE04EC0-301F-11D3-BF4B-00C04F79EFBC}") = "QuanLyCuaHangTiVi", "QuanLyCuaHangTiVi\QuanLyCuaHangTiVi.csproj", "{7DBA537F-4AFE-474B-BDE8-ADD98ED6D2CC}"
EndProject
Global
	GlobalSection(SolutionConfigurationPlatforms) = preSolution
		Debug|Any CPU = Debug|Any CPU
		Release|Any CPU = Release|Any CPU
	EndGlobalSection
	GlobalSection(ProjectConfigurationPlatforms) = postSolution
		{7DBA537F-4AFE-474B-BDE8-ADD98ED6D2CC}.Debug|Any CPU.ActiveCfg = Debug|Any CPU
		{7DBA537F-4AFE-474B-BDE8-ADD98ED6D2CC}.Debug|Any CPU.Build.0 = Debug|Any CPU
		{7DBA537F-4AFE-474B-BDE8-ADD98ED6D2CC}.Release|Any CPU.ActiveCfg = Release|Any CPU
		{7DBA537F-4AFE-474B-BDE8-ADD98ED6D2CC}.Release|Any CPU.Build.0 = Release|Any CPU
	EndGlobalSection
	GlobalSection(SolutionProperties) = preSolution
		HideSolutionNode = FALSE
	EndGlobalSection
	GlobalSection(ExtensibilityGlobals) = postSolution
		SolutionGuid = {F0440704-03A6-4259-A4F8-30DAE89C5628}
	EndGlobalSection
EndGlobal
